
Microsoft Visual Studio Solution File, Format Version 12.00
# Visual Studio Version 17
VisualStudioVersion = 17.5.002.0
MinimumVisualStudioVersion = 10.0.40219.1
Project("{9A19103F-16F7-4668-BE54-9A1E7A4F7556}") = "Develop04", "Develop04.csproj", "{63642A49-12A9-473A-B928-185E2B9B86D7}"
EndProject
Global
	GlobalSection(SolutionConfigurationPlatforms) = preSolution
		Debug|Any CPU = Debug|Any CPU
		Release|Any CPU = Release|Any CPU
	EndGlobalSection
	GlobalSection(ProjectConfigurationPlatforms) = postSolution
		{63642A49-12A9-473A-B928-185E2B9B86D7}.Debug|Any CPU.ActiveCfg = Debug|Any CPU
		{63642A49-12A9-473A-B928-185E2B9B86D7}.Debug|Any CPU.Build.0 = Debug|Any CPU
		{63642A49-12A9-473A-B928-185E2B9B86D7}.Release|Any CPU.ActiveCfg = Release|Any CPU
		{63642A49-12A9-473A-B928-185E2B9B86D7}.Release|Any CPU.Build.0 = Release|Any CPU
	EndGlobalSection
	GlobalSection(SolutionProperties) = preSolution
		HideSolutionNode = FALSE
	EndGlobalSection
	GlobalSection(ExtensibilityGlobals) = postSolution
		SolutionGuid = {97C67065-6E45-4AEF-8113-B020DB96AF52}
	EndGlobalSection
EndGlobal
